
Microsoft Visual Studio Solution File, Format Version 12.00
# Visual Studio Version 16
VisualStudioVersion = 16.0.29609.76
MinimumVisualStudioVersion = 10.0.40219.1
Project("{9A19103F-16F7-4668-BE54-9A1E7A4F7556}") = "AspnetCore", "AspnetCore\AspnetCore.csproj", "{B120AE23-D379-4C47-BC1E-3E9A96D4C2E1}"
EndProject
Project("{9A19103F-16F7-4668-BE54-9A1E7A4F7556}") = "WebSiteStatus", "WebSiteStatus\WebSiteStatus.csproj", "{990BBC70-0A6C-451E-978D-17A8400781CD}"
EndProject
Project("{9A19103F-16F7-4668-BE54-9A1E7A4F7556}") = "DevSkill.Library.Framwork", "DevSkill.Library.Framwork\DevSkill.Library.Framwork.csproj", "{FC7010D5-9330-4AF7-AA78-67EAC079C2CD}"
EndProject
Project("{9A19103F-16F7-4668-BE54-9A1E7A4F7556}") = "DevSkill.Library.Data", "DevSkill.Library.Data\DevSkill.Library.Data.csproj", "{455F3310-A6F1-42AB-964C-078B93C76548}"
EndProject
Project("{FAE04EC0-301F-11D3-BF4B-00C04F79EFBC}") = "AutofacConfiguration", "AutofacConfiguration\AutofacConfiguration.csproj", "{FC41C36E-2589-4B87-9E33-56FCFD00741F}"
EndProject
Global
	GlobalSection(SolutionConfigurationPlatforms) = preSolution
		Debug|Any CPU = Debug|Any CPU
		Release|Any CPU = Release|Any CPU
	EndGlobalSection
	GlobalSection(ProjectConfigurationPlatforms) = postSolution
		{B120AE23-D379-4C47-BC1E-3E9A96D4C2E1}.Debug|Any CPU.ActiveCfg = Debug|Any CPU
		{B120AE23-D379-4C47-BC1E-3E9A96D4C2E1}.Debug|Any CPU.Build.0 = Debug|Any CPU
		{B120AE23-D379-4C47-BC1E-3E9A96D4C2E1}.Release|Any CPU.ActiveCfg = Release|Any CPU
		{B120AE23-D379-4C47-BC1E-3E9A96D4C2E1}.Release|Any CPU.Build.0 = Release|Any CPU
		{990BBC70-0A6C-451E-978D-17A8400781CD}.Debug|Any CPU.ActiveCfg = Debug|Any CPU
		{990BBC70-0A6C-451E-978D-17A8400781CD}.Debug|Any CPU.Build.0 = Debug|Any CPU
		{990BBC70-0A6C-451E-978D-17A8400781CD}.Release|Any CPU.ActiveCfg = Release|Any CPU
		{990BBC70-0A6C-451E-978D-17A8400781CD}.Release|Any CPU.Build.0 = Release|Any CPU
		{FC7010D5-9330-4AF7-AA78-67EAC079C2CD}.Debug|Any CPU.ActiveCfg = Debug|Any CPU
		{FC7010D5-9330-4AF7-AA78-67EAC079C2CD}.Debug|Any CPU.Build.0 = Debug|Any CPU
		{FC7010D5-9330-4AF7-AA78-67EAC079C2CD}.Release|Any CPU.ActiveCfg = Release|Any CPU
		{FC7010D5-9330-4AF7-AA78-67EAC079C2CD}.Release|Any CPU.Build.0 = Release|Any CPU
		{455F3310-A6F1-42AB-964C-078B93C76548}.Debug|Any CPU.ActiveCfg = Debug|Any CPU
		{455F3310-A6F1-42AB-964C-078B93C76548}.Debug|Any CPU.Build.0 = Debug|Any CPU
		{455F3310-A6F1-42AB-964C-078B93C76548}.Release|Any CPU.ActiveCfg = Release|Any CPU
		{455F3310-A6F1-42AB-964C-078B93C76548}.Release|Any CPU.Build.0 = Release|Any CPU
		{FC41C36E-2589-4B87-9E33-56FCFD00741F}.Debug|Any CPU.ActiveCfg = Debug|Any CPU
		{FC41C36E-2589-4B87-9E33-56FCFD00741F}.Debug|Any CPU.Build.0 = Debug|Any CPU
		{FC41C36E-2589-4B87-9E33-56FCFD00741F}.Release|Any CPU.ActiveCfg = Release|Any CPU
		{FC41C36E-2589-4B87-9E33-56FCFD00741F}.Release|Any CPU.Build.0 = Release|Any CPU
	EndGlobalSection
	GlobalSection(SolutionProperties) = preSolution
		HideSolutionNode = FALSE
	EndGlobalSection
	GlobalSection(ExtensibilityGlobals) = postSolution
		SolutionGuid = {F73725D1-9580-4B05-8C41-BD62F996359A}
	EndGlobalSection
EndGlobal
